{
  "name": "FluxScormPlayerApi",
  "lockfileVersion": 2,
  "requires": true,
  "packages": {
    "": {
      "dependencies": {
        "scorm-again": "1.6.0"
      }
    },
    "node_modules/scorm-again": {
      "version": "1.6.0",
      "resolved": "https://registry.npmjs.org/scorm-again/-/scorm-again-1.6.0.tgz",
      "integrity": "sha512-K55D9ohCDLYdLecpuc2PHbYiI7RlJTInUtdcF6W/StQF2imQVFhLqW8SwrGGn6P88cXULuEgS8q4ZcVsXbJ1bw=="
    }
  },
  "dependencies": {
    "scorm-again": {
      "version": "1.6.0",
      "resolved": "https://registry.npmjs.org/scorm-again/-/scorm-again-1.6.0.tgz",
      "integrity": "sha512-K55D9ohCDLYdLecpuc2PHbYiI7RlJTInUtdcF6W/StQF2imQVFhLqW8SwrGGn6P88cXULuEgS8q4ZcVsXbJ1bw=="
    }
  }
}
